
Microsoft Visual Studio Solution File, Format Version 12.00
# Visual Studio Version 17
VisualStudioVersion = 17.1.32228.430
MinimumVisualStudioVersion = 10.0.40219.1
Project("{FAE04EC0-301F-11D3-BF4B-00C04F79EFBC}") = "1.DemoQa", "1.DemoQa\1.DemoQa.csproj", "{BA9F3006-3041-4884-BC71-643AF2FC5334}"
EndProject
Global
	GlobalSection(SolutionConfigurationPlatforms) = preSolution
		Debug|Any CPU = Debug|Any CPU
		Release|Any CPU = Release|Any CPU
	EndGlobalSection
	GlobalSection(ProjectConfigurationPlatforms) = postSolution
		{BA9F3006-3041-4884-BC71-643AF2FC5334}.Debug|Any CPU.ActiveCfg = Debug|Any CPU
		{BA9F3006-3041-4884-BC71-643AF2FC5334}.Debug|Any CPU.Build.0 = Debug|Any CPU
		{BA9F3006-3041-4884-BC71-643AF2FC5334}.Release|Any CPU.ActiveCfg = Release|Any CPU
		{BA9F3006-3041-4884-BC71-643AF2FC5334}.Release|Any CPU.Build.0 = Release|Any CPU
	EndGlobalSection
	GlobalSection(SolutionProperties) = preSolution
		HideSolutionNode = FALSE
	EndGlobalSection
	GlobalSection(ExtensibilityGlobals) = postSolution
		SolutionGuid = {ABD6C1BE-5E37-47C5-ACA3-647908AF6E9D}
	EndGlobalSection
EndGlobal
